{
  "requires": true,
  "lockfileVersion": 1,
  "dependencies": {
    "an-array-of-french-words": {
      "version": "2.0.0",
      "resolved": "https://registry.npmjs.org/an-array-of-french-words/-/an-array-of-french-words-2.0.0.tgz",
      "integrity": "sha512-LRPhVZLteE0wrUFimKWcrEtXZcv8XiG9TArm37j7/PdO2G5f6UfgCny+ibH8CascxMXFMzTPlJcP01PgSmei8Q=="
    }
  }
}
